
Microsoft Visual Studio Solution File, Format Version 12.00
# Visual Studio Version 16
VisualStudioVersion = 16.0.31624.102
MinimumVisualStudioVersion = 10.0.40219.1
Project("{FAE04EC0-301F-11D3-BF4B-00C04F79EFBC}") = "AJClubs", "AJClubs\AJClubs.csproj", "{F618B4C5-7A56-4095-AB92-7318E2F471F1}"
EndProject
Global
	GlobalSection(SolutionConfigurationPlatforms) = preSolution
		Debug|Any CPU = Debug|Any CPU
		Release|Any CPU = Release|Any CPU
	EndGlobalSection
	GlobalSection(ProjectConfigurationPlatforms) = postSolution
		{F618B4C5-7A56-4095-AB92-7318E2F471F1}.Debug|Any CPU.ActiveCfg = Debug|Any CPU
		{F618B4C5-7A56-4095-AB92-7318E2F471F1}.Debug|Any CPU.Build.0 = Debug|Any CPU
		{F618B4C5-7A56-4095-AB92-7318E2F471F1}.Release|Any CPU.ActiveCfg = Release|Any CPU
		{F618B4C5-7A56-4095-AB92-7318E2F471F1}.Release|Any CPU.Build.0 = Release|Any CPU
	EndGlobalSection
	GlobalSection(SolutionProperties) = preSolution
		HideSolutionNode = FALSE
	EndGlobalSection
	GlobalSection(ExtensibilityGlobals) = postSolution
		SolutionGuid = {33941BCB-BEA0-4BAE-8876-481D08DC1086}
	EndGlobalSection
EndGlobal
